
Microsoft Visual Studio Solution File, Format Version 12.00
# Visual Studio Version 17
VisualStudioVersion = 17.6.33723.286
MinimumVisualStudioVersion = 10.0.40219.1
Project("{FAE04EC0-301F-11D3-BF4B-00C04F79EFBC}") = "WMS - ENL Distribution AS", "WMS - ENL Distribution AS\WMS - ENL Distribution AS.csproj", "{74CBEEF8-473F-4696-B069-D9AE92ABBE65}"
EndProject
Global
	GlobalSection(SolutionConfigurationPlatforms) = preSolution
		Debug|Any CPU = Debug|Any CPU
		Release|Any CPU = Release|Any CPU
	EndGlobalSection
	GlobalSection(ProjectConfigurationPlatforms) = postSolution
		{74CBEEF8-473F-4696-B069-D9AE92ABBE65}.Debug|Any CPU.ActiveCfg = Debug|Any CPU
		{74CBEEF8-473F-4696-B069-D9AE92ABBE65}.Debug|Any CPU.Build.0 = Debug|Any CPU
		{74CBEEF8-473F-4696-B069-D9AE92ABBE65}.Release|Any CPU.ActiveCfg = Release|Any CPU
		{74CBEEF8-473F-4696-B069-D9AE92ABBE65}.Release|Any CPU.Build.0 = Release|Any CPU
	EndGlobalSection
	GlobalSection(SolutionProperties) = preSolution
		HideSolutionNode = FALSE
	EndGlobalSection
	GlobalSection(ExtensibilityGlobals) = postSolution
		SolutionGuid = {E6131550-340C-4E94-8CC6-22DD875F9F80}
	EndGlobalSection
EndGlobal
